
Microsoft Visual Studio Solution File, Format Version 12.00
# Visual Studio 15
VisualStudioVersion = 15.0.27130.2036
MinimumVisualStudioVersion = 10.0.40219.1
Project("{FAE04EC0-301F-11D3-BF4B-00C04F79EFBC}") = "03.Trainegram", "03.Trainegram\03.Trainegram.csproj", "{D56F1271-13B2-4F46-A034-64C48AB5DBFA}"
EndProject
Project("{FAE04EC0-301F-11D3-BF4B-00C04F79EFBC}") = "04.Trainlands", "04.Trainlands\04.Trainlands.csproj", "{B69898A7-DF76-4C88-9E0D-A8BFBA075884}"
EndProject
Global
	GlobalSection(SolutionConfigurationPlatforms) = preSolution
		Debug|Any CPU = Debug|Any CPU
		Release|Any CPU = Release|Any CPU
	EndGlobalSection
	GlobalSection(ProjectConfigurationPlatforms) = postSolution
		{D56F1271-13B2-4F46-A034-64C48AB5DBFA}.Debug|Any CPU.ActiveCfg = Debug|Any CPU
		{D56F1271-13B2-4F46-A034-64C48AB5DBFA}.Debug|Any CPU.Build.0 = Debug|Any CPU
		{D56F1271-13B2-4F46-A034-64C48AB5DBFA}.Release|Any CPU.ActiveCfg = Release|Any CPU
		{D56F1271-13B2-4F46-A034-64C48AB5DBFA}.Release|Any CPU.Build.0 = Release|Any CPU
		{B69898A7-DF76-4C88-9E0D-A8BFBA075884}.Debug|Any CPU.ActiveCfg = Debug|Any CPU
		{B69898A7-DF76-4C88-9E0D-A8BFBA075884}.Debug|Any CPU.Build.0 = Debug|Any CPU
		{B69898A7-DF76-4C88-9E0D-A8BFBA075884}.Release|Any CPU.ActiveCfg = Release|Any CPU
		{B69898A7-DF76-4C88-9E0D-A8BFBA075884}.Release|Any CPU.Build.0 = Release|Any CPU
	EndGlobalSection
	GlobalSection(SolutionProperties) = preSolution
		HideSolutionNode = FALSE
	EndGlobalSection
	GlobalSection(ExtensibilityGlobals) = postSolution
		SolutionGuid = {DB5C34EA-B34B-4D6A-84E9-C5CDF3D2AF86}
	EndGlobalSection
EndGlobal
