
Microsoft Visual Studio Solution File, Format Version 12.00
# Visual Studio 15
VisualStudioVersion = 15.0.27703.2035
MinimumVisualStudioVersion = 10.0.40219.1
Project("{9A19103F-16F7-4668-BE54-9A1E7A4F7556}") = "01.SoftUniReception", "01.SoftUniReception\01.SoftUniReception.csproj", "{5E9AC956-7B32-4F20-BCA5-3F2BACB20DAF}"
EndProject
Project("{9A19103F-16F7-4668-BE54-9A1E7A4F7556}") = "02.SoftUniCoursePlanning", "02.SoftUniCoursePlanning\02.SoftUniCoursePlanning.csproj", "{49771E56-7AFD-4A1B-9861-8F0D2660B23A}"
EndProject
Project("{9A19103F-16F7-4668-BE54-9A1E7A4F7556}") = "03. SoftUni Bar Income", "03. SoftUni Bar Income\03. SoftUni Bar Income.csproj", "{65423C01-105A-4A8C-8AC7-CD6EBE512DE9}"
EndProject
Project("{9A19103F-16F7-4668-BE54-9A1E7A4F7556}") = "04.SoftUniExamResults", "04.SoftUniExamResults\04.SoftUniExamResults.csproj", "{0456F09A-2045-4F96-9478-D5B38F74542C}"
EndProject
Project("{FAE04EC0-301F-11D3-BF4B-00C04F79EFBC}") = "test", "test\test.csproj", "{0B1DB5F1-579E-4D00-A8A8-AE37B9C2FC27}"
EndProject
Global
	GlobalSection(SolutionConfigurationPlatforms) = preSolution
		Debug|Any CPU = Debug|Any CPU
		Release|Any CPU = Release|Any CPU
	EndGlobalSection
	GlobalSection(ProjectConfigurationPlatforms) = postSolution
		{5E9AC956-7B32-4F20-BCA5-3F2BACB20DAF}.Debug|Any CPU.ActiveCfg = Debug|Any CPU
		{5E9AC956-7B32-4F20-BCA5-3F2BACB20DAF}.Debug|Any CPU.Build.0 = Debug|Any CPU
		{5E9AC956-7B32-4F20-BCA5-3F2BACB20DAF}.Release|Any CPU.ActiveCfg = Release|Any CPU
		{5E9AC956-7B32-4F20-BCA5-3F2BACB20DAF}.Release|Any CPU.Build.0 = Release|Any CPU
		{49771E56-7AFD-4A1B-9861-8F0D2660B23A}.Debug|Any CPU.ActiveCfg = Debug|Any CPU
		{49771E56-7AFD-4A1B-9861-8F0D2660B23A}.Debug|Any CPU.Build.0 = Debug|Any CPU
		{49771E56-7AFD-4A1B-9861-8F0D2660B23A}.Release|Any CPU.ActiveCfg = Release|Any CPU
		{49771E56-7AFD-4A1B-9861-8F0D2660B23A}.Release|Any CPU.Build.0 = Release|Any CPU
		{65423C01-105A-4A8C-8AC7-CD6EBE512DE9}.Debug|Any CPU.ActiveCfg = Debug|Any CPU
		{65423C01-105A-4A8C-8AC7-CD6EBE512DE9}.Debug|Any CPU.Build.0 = Debug|Any CPU
		{65423C01-105A-4A8C-8AC7-CD6EBE512DE9}.Release|Any CPU.ActiveCfg = Release|Any CPU
		{65423C01-105A-4A8C-8AC7-CD6EBE512DE9}.Release|Any CPU.Build.0 = Release|Any CPU
		{0456F09A-2045-4F96-9478-D5B38F74542C}.Debug|Any CPU.ActiveCfg = Debug|Any CPU
		{0456F09A-2045-4F96-9478-D5B38F74542C}.Debug|Any CPU.Build.0 = Debug|Any CPU
		{0456F09A-2045-4F96-9478-D5B38F74542C}.Release|Any CPU.ActiveCfg = Release|Any CPU
		{0456F09A-2045-4F96-9478-D5B38F74542C}.Release|Any CPU.Build.0 = Release|Any CPU
		{0B1DB5F1-579E-4D00-A8A8-AE37B9C2FC27}.Debug|Any CPU.ActiveCfg = Debug|Any CPU
		{0B1DB5F1-579E-4D00-A8A8-AE37B9C2FC27}.Debug|Any CPU.Build.0 = Debug|Any CPU
		{0B1DB5F1-579E-4D00-A8A8-AE37B9C2FC27}.Release|Any CPU.ActiveCfg = Release|Any CPU
		{0B1DB5F1-579E-4D00-A8A8-AE37B9C2FC27}.Release|Any CPU.Build.0 = Release|Any CPU
	EndGlobalSection
	GlobalSection(SolutionProperties) = preSolution
		HideSolutionNode = FALSE
	EndGlobalSection
	GlobalSection(ExtensibilityGlobals) = postSolution
		SolutionGuid = {1AA70A2E-26F9-40F2-A9D4-0FC6107DDC8A}
	EndGlobalSection
EndGlobal
