
Microsoft Visual Studio Solution File, Format Version 12.00
# Visual Studio 15
VisualStudioVersion = 15.0.27130.2036
MinimumVisualStudioVersion = 10.0.40219.1
Project("{FAE04EC0-301F-11D3-BF4B-00C04F79EFBC}") = "01.PadawanEquipment", "01.PadawanEquipment\01.PadawanEquipment.csproj", "{DED9FE30-F110-4BCE-A260-8BA33852D8F1}"
EndProject
Project("{FAE04EC0-301F-11D3-BF4B-00C04F79EFBC}") = "02.KaminoFactory", "02.KaminoFactory\02.KaminoFactory.csproj", "{5B642668-D3DB-461E-B6D4-7612CCBF9AAD}"
EndProject
Global
	GlobalSection(SolutionConfigurationPlatforms) = preSolution
		Debug|Any CPU = Debug|Any CPU
		Release|Any CPU = Release|Any CPU
	EndGlobalSection
	GlobalSection(ProjectConfigurationPlatforms) = postSolution
		{DED9FE30-F110-4BCE-A260-8BA33852D8F1}.Debug|Any CPU.ActiveCfg = Debug|Any CPU
		{DED9FE30-F110-4BCE-A260-8BA33852D8F1}.Debug|Any CPU.Build.0 = Debug|Any CPU
		{DED9FE30-F110-4BCE-A260-8BA33852D8F1}.Release|Any CPU.ActiveCfg = Release|Any CPU
		{DED9FE30-F110-4BCE-A260-8BA33852D8F1}.Release|Any CPU.Build.0 = Release|Any CPU
		{5B642668-D3DB-461E-B6D4-7612CCBF9AAD}.Debug|Any CPU.ActiveCfg = Debug|Any CPU
		{5B642668-D3DB-461E-B6D4-7612CCBF9AAD}.Debug|Any CPU.Build.0 = Debug|Any CPU
		{5B642668-D3DB-461E-B6D4-7612CCBF9AAD}.Release|Any CPU.ActiveCfg = Release|Any CPU
		{5B642668-D3DB-461E-B6D4-7612CCBF9AAD}.Release|Any CPU.Build.0 = Release|Any CPU
	EndGlobalSection
	GlobalSection(SolutionProperties) = preSolution
		HideSolutionNode = FALSE
	EndGlobalSection
	GlobalSection(ExtensibilityGlobals) = postSolution
		SolutionGuid = {926580F7-AA97-4E2B-AAB7-D375894E6781}
	EndGlobalSection
EndGlobal
