
Microsoft Visual Studio Solution File, Format Version 12.00
# Visual Studio 15
VisualStudioVersion = 15.0.27130.2036
MinimumVisualStudioVersion = 10.0.40219.1
Project("{FAE04EC0-301F-11D3-BF4B-00C04F79EFBC}") = "01.AnonymousDownsite", "01.AnonymousDownsite\01.AnonymousDownsite.csproj", "{870FF4F6-DE34-49DA-90D3-4F937EF80F73}"
EndProject
Project("{FAE04EC0-301F-11D3-BF4B-00C04F79EFBC}") = "02.AnonymousThreat", "02.AnonymousThreat\02.AnonymousThreat.csproj", "{8C21CEBB-F41E-4794-987C-ECBC211A63DF}"
EndProject
Global
	GlobalSection(SolutionConfigurationPlatforms) = preSolution
		Debug|Any CPU = Debug|Any CPU
		Release|Any CPU = Release|Any CPU
	EndGlobalSection
	GlobalSection(ProjectConfigurationPlatforms) = postSolution
		{870FF4F6-DE34-49DA-90D3-4F937EF80F73}.Debug|Any CPU.ActiveCfg = Debug|Any CPU
		{870FF4F6-DE34-49DA-90D3-4F937EF80F73}.Debug|Any CPU.Build.0 = Debug|Any CPU
		{870FF4F6-DE34-49DA-90D3-4F937EF80F73}.Release|Any CPU.ActiveCfg = Release|Any CPU
		{870FF4F6-DE34-49DA-90D3-4F937EF80F73}.Release|Any CPU.Build.0 = Release|Any CPU
		{8C21CEBB-F41E-4794-987C-ECBC211A63DF}.Debug|Any CPU.ActiveCfg = Debug|Any CPU
		{8C21CEBB-F41E-4794-987C-ECBC211A63DF}.Debug|Any CPU.Build.0 = Debug|Any CPU
		{8C21CEBB-F41E-4794-987C-ECBC211A63DF}.Release|Any CPU.ActiveCfg = Release|Any CPU
		{8C21CEBB-F41E-4794-987C-ECBC211A63DF}.Release|Any CPU.Build.0 = Release|Any CPU
	EndGlobalSection
	GlobalSection(SolutionProperties) = preSolution
		HideSolutionNode = FALSE
	EndGlobalSection
	GlobalSection(ExtensibilityGlobals) = postSolution
		SolutionGuid = {7547AD6F-F3C9-43BB-8584-5AC1251D3E8A}
	EndGlobalSection
EndGlobal
