
Microsoft Visual Studio Solution File, Format Version 12.00
# Visual Studio 14
VisualStudioVersion = 14.0.25420.1
MinimumVisualStudioVersion = 10.0.40219.1
Project("{FAE04EC0-301F-11D3-BF4B-00C04F79EFBC}") = "03.Raincast", "03.Raincast\03.Raincast.csproj", "{9FC3A5A9-6066-42F2-A740-181653FE7CD8}"
EndProject
Project("{FAE04EC0-301F-11D3-BF4B-00C04F79EFBC}") = "04.RainAir", "04.RainAir\04.RainAir.csproj", "{6DC0FB10-02C8-4F24-B7EE-44BC0C63F6FB}"
EndProject
Global
	GlobalSection(SolutionConfigurationPlatforms) = preSolution
		Debug|Any CPU = Debug|Any CPU
		Release|Any CPU = Release|Any CPU
	EndGlobalSection
	GlobalSection(ProjectConfigurationPlatforms) = postSolution
		{9FC3A5A9-6066-42F2-A740-181653FE7CD8}.Debug|Any CPU.ActiveCfg = Debug|Any CPU
		{9FC3A5A9-6066-42F2-A740-181653FE7CD8}.Debug|Any CPU.Build.0 = Debug|Any CPU
		{9FC3A5A9-6066-42F2-A740-181653FE7CD8}.Release|Any CPU.ActiveCfg = Release|Any CPU
		{9FC3A5A9-6066-42F2-A740-181653FE7CD8}.Release|Any CPU.Build.0 = Release|Any CPU
		{6DC0FB10-02C8-4F24-B7EE-44BC0C63F6FB}.Debug|Any CPU.ActiveCfg = Debug|Any CPU
		{6DC0FB10-02C8-4F24-B7EE-44BC0C63F6FB}.Debug|Any CPU.Build.0 = Debug|Any CPU
		{6DC0FB10-02C8-4F24-B7EE-44BC0C63F6FB}.Release|Any CPU.ActiveCfg = Release|Any CPU
		{6DC0FB10-02C8-4F24-B7EE-44BC0C63F6FB}.Release|Any CPU.Build.0 = Release|Any CPU
	EndGlobalSection
	GlobalSection(SolutionProperties) = preSolution
		HideSolutionNode = FALSE
	EndGlobalSection
EndGlobal
