
Microsoft Visual Studio Solution File, Format Version 12.00
# Visual Studio 15
VisualStudioVersion = 15.0.27130.2036
MinimumVisualStudioVersion = 10.0.40219.1
Project("{FAE04EC0-301F-11D3-BF4B-00C04F79EFBC}") = "03.Snowflake", "03.Snowflake\03.Snowflake.csproj", "{9A6F7405-E087-4D16-8E29-10E9109CD7CA}"
EndProject
Project("{FAE04EC0-301F-11D3-BF4B-00C04F79EFBC}") = "04.Snowwhite", "04.Snowwhite\04.Snowwhite.csproj", "{4DBBC858-29E7-4E20-A327-99C3C53F0B93}"
EndProject
Global
	GlobalSection(SolutionConfigurationPlatforms) = preSolution
		Debug|Any CPU = Debug|Any CPU
		Release|Any CPU = Release|Any CPU
	EndGlobalSection
	GlobalSection(ProjectConfigurationPlatforms) = postSolution
		{9A6F7405-E087-4D16-8E29-10E9109CD7CA}.Debug|Any CPU.ActiveCfg = Debug|Any CPU
		{9A6F7405-E087-4D16-8E29-10E9109CD7CA}.Debug|Any CPU.Build.0 = Debug|Any CPU
		{9A6F7405-E087-4D16-8E29-10E9109CD7CA}.Release|Any CPU.ActiveCfg = Release|Any CPU
		{9A6F7405-E087-4D16-8E29-10E9109CD7CA}.Release|Any CPU.Build.0 = Release|Any CPU
		{4DBBC858-29E7-4E20-A327-99C3C53F0B93}.Debug|Any CPU.ActiveCfg = Debug|Any CPU
		{4DBBC858-29E7-4E20-A327-99C3C53F0B93}.Debug|Any CPU.Build.0 = Debug|Any CPU
		{4DBBC858-29E7-4E20-A327-99C3C53F0B93}.Release|Any CPU.ActiveCfg = Release|Any CPU
		{4DBBC858-29E7-4E20-A327-99C3C53F0B93}.Release|Any CPU.Build.0 = Release|Any CPU
	EndGlobalSection
	GlobalSection(SolutionProperties) = preSolution
		HideSolutionNode = FALSE
	EndGlobalSection
	GlobalSection(ExtensibilityGlobals) = postSolution
		SolutionGuid = {088428C7-9ED6-49F4-B5BB-E91C6946B92C}
	EndGlobalSection
EndGlobal
