
Microsoft Visual Studio Solution File, Format Version 12.00
# Visual Studio 15
VisualStudioVersion = 15.0.27428.2043
MinimumVisualStudioVersion = 10.0.40219.1
Project("{FAE04EC0-301F-11D3-BF4B-00C04F79EFBC}") = "ExcellentResult", "ExcellentResult\ExcellentResult.csproj", "{4AABB201-137B-48B5-AA89-46148D893D9E}"
EndProject
Project("{FAE04EC0-301F-11D3-BF4B-00C04F79EFBC}") = "ExcellentOrNot", "ExcellentOrNot\ExcellentOrNot.csproj", "{A4966312-4A83-4ECB-B402-FB67EBB7F0C2}"
EndProject
Project("{FAE04EC0-301F-11D3-BF4B-00C04F79EFBC}") = "EvenOrOdd", "EvenOrOdd\EvenOrOdd.csproj", "{685D7E02-B07B-4475-B179-FA7AE89424F5}"
EndProject
Project("{FAE04EC0-301F-11D3-BF4B-00C04F79EFBC}") = "GreaterNumber", "GreaterNumber\GreaterNumber.csproj", "{CBE9E421-0F88-48F6-BDF8-274D9B83C769}"
EndProject
Project("{FAE04EC0-301F-11D3-BF4B-00C04F79EFBC}") = "Number0to9ToText", "Number0to9ToText\Number0to9ToText.csproj", "{0111CAC5-4515-4A50-B40A-658BF569B914}"
EndProject
Project("{FAE04EC0-301F-11D3-BF4B-00C04F79EFBC}") = "BonusScore", "BonusScore\BonusScore.csproj", "{2A9E1BCC-6530-46BF-8F81-00C6C5DE6CF7}"
EndProject
Project("{FAE04EC0-301F-11D3-BF4B-00C04F79EFBC}") = "SumSeconds", "SumSeconds\SumSeconds.csproj", "{4E9429AA-CDD6-4B39-9C71-0813651B6DC4}"
EndProject
Project("{FAE04EC0-301F-11D3-BF4B-00C04F79EFBC}") = "MetricConverter", "MetricConverter\MetricConverter.csproj", "{AD1DDC4E-1FC2-48C9-B917-106F05B002DD}"
EndProject
Project("{FAE04EC0-301F-11D3-BF4B-00C04F79EFBC}") = "PasswordGuess", "PasswordGuess\PasswordGuess.csproj", "{E1F40F06-E670-4721-A024-3B440D42B2E1}"
EndProject
Project("{FAE04EC0-301F-11D3-BF4B-00C04F79EFBC}") = "EqualWords", "EqualWords\EqualWords.csproj", "{9D6F813F-C9E3-48AC-8046-7BF8591DD893}"
EndProject
Project("{FAE04EC0-301F-11D3-BF4B-00C04F79EFBC}") = "SpeedInfo", "SpeedInfo\SpeedInfo.csproj", "{59C489C4-3EF7-4F0E-BC02-8A03AEA19C4A}"
EndProject
Project("{FAE04EC0-301F-11D3-BF4B-00C04F79EFBC}") = "AreaOfFigures", "AreaOfFigures\AreaOfFigures.csproj", "{29ACC3B7-1632-441B-9308-970048D4CF1B}"
EndProject
Project("{FAE04EC0-301F-11D3-BF4B-00C04F79EFBC}") = "Time+15Minutes", "Time+15Minutes\Time+15Minutes.csproj", "{FFCF47A7-DCED-4AA0-9C59-E76185BFA1B3}"
EndProject
Project("{FAE04EC0-301F-11D3-BF4B-00C04F79EFBC}") = "3EqualNumbers", "3EqualNumbers\3EqualNumbers.csproj", "{AC152324-4126-401D-9AEA-804C5F2374C6}"
EndProject
Project("{FAE04EC0-301F-11D3-BF4B-00C04F79EFBC}") = "Number0To100ToText", "Number0To100ToText\Number0To100ToText.csproj", "{654A2E0C-A1A9-4FFD-884F-02026D7B6090}"
EndProject
Project("{FAE04EC0-301F-11D3-BF4B-00C04F79EFBC}") = "NumberBetween100To200", "NumberBetween100To200\NumberBetween100To200.csproj", "{1D743C7C-BEB2-41E5-AB2E-D9980780A8BB}"
EndProject
Global
	GlobalSection(SolutionConfigurationPlatforms) = preSolution
		Debug|Any CPU = Debug|Any CPU
		Release|Any CPU = Release|Any CPU
	EndGlobalSection
	GlobalSection(ProjectConfigurationPlatforms) = postSolution
		{4AABB201-137B-48B5-AA89-46148D893D9E}.Debug|Any CPU.ActiveCfg = Debug|Any CPU
		{4AABB201-137B-48B5-AA89-46148D893D9E}.Debug|Any CPU.Build.0 = Debug|Any CPU
		{4AABB201-137B-48B5-AA89-46148D893D9E}.Release|Any CPU.ActiveCfg = Release|Any CPU
		{4AABB201-137B-48B5-AA89-46148D893D9E}.Release|Any CPU.Build.0 = Release|Any CPU
		{A4966312-4A83-4ECB-B402-FB67EBB7F0C2}.Debug|Any CPU.ActiveCfg = Debug|Any CPU
		{A4966312-4A83-4ECB-B402-FB67EBB7F0C2}.Debug|Any CPU.Build.0 = Debug|Any CPU
		{A4966312-4A83-4ECB-B402-FB67EBB7F0C2}.Release|Any CPU.ActiveCfg = Release|Any CPU
		{A4966312-4A83-4ECB-B402-FB67EBB7F0C2}.Release|Any CPU.Build.0 = Release|Any CPU
		{685D7E02-B07B-4475-B179-FA7AE89424F5}.Debug|Any CPU.ActiveCfg = Debug|Any CPU
		{685D7E02-B07B-4475-B179-FA7AE89424F5}.Debug|Any CPU.Build.0 = Debug|Any CPU
		{685D7E02-B07B-4475-B179-FA7AE89424F5}.Release|Any CPU.ActiveCfg = Release|Any CPU
		{685D7E02-B07B-4475-B179-FA7AE89424F5}.Release|Any CPU.Build.0 = Release|Any CPU
		{CBE9E421-0F88-48F6-BDF8-274D9B83C769}.Debug|Any CPU.ActiveCfg = Debug|Any CPU
		{CBE9E421-0F88-48F6-BDF8-274D9B83C769}.Debug|Any CPU.Build.0 = Debug|Any CPU
		{CBE9E421-0F88-48F6-BDF8-274D9B83C769}.Release|Any CPU.ActiveCfg = Release|Any CPU
		{CBE9E421-0F88-48F6-BDF8-274D9B83C769}.Release|Any CPU.Build.0 = Release|Any CPU
		{0111CAC5-4515-4A50-B40A-658BF569B914}.Debug|Any CPU.ActiveCfg = Debug|Any CPU
		{0111CAC5-4515-4A50-B40A-658BF569B914}.Debug|Any CPU.Build.0 = Debug|Any CPU
		{0111CAC5-4515-4A50-B40A-658BF569B914}.Release|Any CPU.ActiveCfg = Release|Any CPU
		{0111CAC5-4515-4A50-B40A-658BF569B914}.Release|Any CPU.Build.0 = Release|Any CPU
		{2A9E1BCC-6530-46BF-8F81-00C6C5DE6CF7}.Debug|Any CPU.ActiveCfg = Debug|Any CPU
		{2A9E1BCC-6530-46BF-8F81-00C6C5DE6CF7}.Debug|Any CPU.Build.0 = Debug|Any CPU
		{2A9E1BCC-6530-46BF-8F81-00C6C5DE6CF7}.Release|Any CPU.ActiveCfg = Release|Any CPU
		{2A9E1BCC-6530-46BF-8F81-00C6C5DE6CF7}.Release|Any CPU.Build.0 = Release|Any CPU
		{4E9429AA-CDD6-4B39-9C71-0813651B6DC4}.Debug|Any CPU.ActiveCfg = Debug|Any CPU
		{4E9429AA-CDD6-4B39-9C71-0813651B6DC4}.Debug|Any CPU.Build.0 = Debug|Any CPU
		{4E9429AA-CDD6-4B39-9C71-0813651B6DC4}.Release|Any CPU.ActiveCfg = Release|Any CPU
		{4E9429AA-CDD6-4B39-9C71-0813651B6DC4}.Release|Any CPU.Build.0 = Release|Any CPU
		{AD1DDC4E-1FC2-48C9-B917-106F05B002DD}.Debug|Any CPU.ActiveCfg = Debug|Any CPU
		{AD1DDC4E-1FC2-48C9-B917-106F05B002DD}.Debug|Any CPU.Build.0 = Debug|Any CPU
		{AD1DDC4E-1FC2-48C9-B917-106F05B002DD}.Release|Any CPU.ActiveCfg = Release|Any CPU
		{AD1DDC4E-1FC2-48C9-B917-106F05B002DD}.Release|Any CPU.Build.0 = Release|Any CPU
		{E1F40F06-E670-4721-A024-3B440D42B2E1}.Debug|Any CPU.ActiveCfg = Debug|Any CPU
		{E1F40F06-E670-4721-A024-3B440D42B2E1}.Debug|Any CPU.Build.0 = Debug|Any CPU
		{E1F40F06-E670-4721-A024-3B440D42B2E1}.Release|Any CPU.ActiveCfg = Release|Any CPU
		{E1F40F06-E670-4721-A024-3B440D42B2E1}.Release|Any CPU.Build.0 = Release|Any CPU
		{9D6F813F-C9E3-48AC-8046-7BF8591DD893}.Debug|Any CPU.ActiveCfg = Debug|Any CPU
		{9D6F813F-C9E3-48AC-8046-7BF8591DD893}.Debug|Any CPU.Build.0 = Debug|Any CPU
		{9D6F813F-C9E3-48AC-8046-7BF8591DD893}.Release|Any CPU.ActiveCfg = Release|Any CPU
		{9D6F813F-C9E3-48AC-8046-7BF8591DD893}.Release|Any CPU.Build.0 = Release|Any CPU
		{59C489C4-3EF7-4F0E-BC02-8A03AEA19C4A}.Debug|Any CPU.ActiveCfg = Debug|Any CPU
		{59C489C4-3EF7-4F0E-BC02-8A03AEA19C4A}.Debug|Any CPU.Build.0 = Debug|Any CPU
		{59C489C4-3EF7-4F0E-BC02-8A03AEA19C4A}.Release|Any CPU.ActiveCfg = Release|Any CPU
		{59C489C4-3EF7-4F0E-BC02-8A03AEA19C4A}.Release|Any CPU.Build.0 = Release|Any CPU
		{29ACC3B7-1632-441B-9308-970048D4CF1B}.Debug|Any CPU.ActiveCfg = Debug|Any CPU
		{29ACC3B7-1632-441B-9308-970048D4CF1B}.Debug|Any CPU.Build.0 = Debug|Any CPU
		{29ACC3B7-1632-441B-9308-970048D4CF1B}.Release|Any CPU.ActiveCfg = Release|Any CPU
		{29ACC3B7-1632-441B-9308-970048D4CF1B}.Release|Any CPU.Build.0 = Release|Any CPU
		{FFCF47A7-DCED-4AA0-9C59-E76185BFA1B3}.Debug|Any CPU.ActiveCfg = Debug|Any CPU
		{FFCF47A7-DCED-4AA0-9C59-E76185BFA1B3}.Debug|Any CPU.Build.0 = Debug|Any CPU
		{FFCF47A7-DCED-4AA0-9C59-E76185BFA1B3}.Release|Any CPU.ActiveCfg = Release|Any CPU
		{FFCF47A7-DCED-4AA0-9C59-E76185BFA1B3}.Release|Any CPU.Build.0 = Release|Any CPU
		{AC152324-4126-401D-9AEA-804C5F2374C6}.Debug|Any CPU.ActiveCfg = Debug|Any CPU
		{AC152324-4126-401D-9AEA-804C5F2374C6}.Debug|Any CPU.Build.0 = Debug|Any CPU
		{AC152324-4126-401D-9AEA-804C5F2374C6}.Release|Any CPU.ActiveCfg = Release|Any CPU
		{AC152324-4126-401D-9AEA-804C5F2374C6}.Release|Any CPU.Build.0 = Release|Any CPU
		{654A2E0C-A1A9-4FFD-884F-02026D7B6090}.Debug|Any CPU.ActiveCfg = Debug|Any CPU
		{654A2E0C-A1A9-4FFD-884F-02026D7B6090}.Debug|Any CPU.Build.0 = Debug|Any CPU
		{654A2E0C-A1A9-4FFD-884F-02026D7B6090}.Release|Any CPU.ActiveCfg = Release|Any CPU
		{654A2E0C-A1A9-4FFD-884F-02026D7B6090}.Release|Any CPU.Build.0 = Release|Any CPU
		{1D743C7C-BEB2-41E5-AB2E-D9980780A8BB}.Debug|Any CPU.ActiveCfg = Debug|Any CPU
		{1D743C7C-BEB2-41E5-AB2E-D9980780A8BB}.Debug|Any CPU.Build.0 = Debug|Any CPU
		{1D743C7C-BEB2-41E5-AB2E-D9980780A8BB}.Release|Any CPU.ActiveCfg = Release|Any CPU
		{1D743C7C-BEB2-41E5-AB2E-D9980780A8BB}.Release|Any CPU.Build.0 = Release|Any CPU
	EndGlobalSection
	GlobalSection(SolutionProperties) = preSolution
		HideSolutionNode = FALSE
	EndGlobalSection
	GlobalSection(ExtensibilityGlobals) = postSolution
		SolutionGuid = {14357CA3-0952-46B9-B17F-143976484A77}
	EndGlobalSection
EndGlobal
