
Microsoft Visual Studio Solution File, Format Version 12.00
# Visual Studio 15
VisualStudioVersion = 15.0.27428.2043
MinimumVisualStudioVersion = 10.0.40219.1
Project("{FAE04EC0-301F-11D3-BF4B-00C04F79EFBC}") = "01.RemoveNegativesAndReverse", "01.RemoveNegativesAndReverse\01.RemoveNegativesAndReverse.csproj", "{6A5BC1B3-9887-4C95-87A5-507236F66B4A}"
EndProject
Project("{FAE04EC0-301F-11D3-BF4B-00C04F79EFBC}") = "02.AppendLists", "02.AppendLists\02.AppendLists.csproj", "{25C75C1F-3C04-49CA-BE13-8C8335A4A8C2}"
EndProject
Project("{FAE04EC0-301F-11D3-BF4B-00C04F79EFBC}") = "03.SumAdjacentEqualNumbers", "03.SumAdjacentEqualNumbers\03.SumAdjacentEqualNumbers.csproj", "{44CF37A4-3917-471E-B86C-07F2D8FC290D}"
EndProject
Project("{FAE04EC0-301F-11D3-BF4B-00C04F79EFBC}") = "04.SplitByWordCasing", "04.SplitByWordCasing\04.SplitByWordCasing.csproj", "{7E9EF6F4-5857-4F46-BE8D-693C6DDA84C4}"
EndProject
Project("{FAE04EC0-301F-11D3-BF4B-00C04F79EFBC}") = "05.SortNumbers", "05.SortNumbers\05.SortNumbers.csproj", "{2D12AE1B-9736-4222-85D7-8FC9DBCDE848}"
EndProject
Project("{FAE04EC0-301F-11D3-BF4B-00C04F79EFBC}") = "06.SquareNumbers", "06.SquareNumbers\06.SquareNumbers.csproj", "{77B30713-20D6-4CC5-88A7-069FA59A430F}"
EndProject
Project("{FAE04EC0-301F-11D3-BF4B-00C04F79EFBC}") = "07.CountNumbers", "07.CountNumbers\07.CountNumbers.csproj", "{BEDD39D6-02AE-4258-BAAE-FA227929FD89}"
EndProject
Global
	GlobalSection(SolutionConfigurationPlatforms) = preSolution
		Debug|Any CPU = Debug|Any CPU
		Release|Any CPU = Release|Any CPU
	EndGlobalSection
	GlobalSection(ProjectConfigurationPlatforms) = postSolution
		{6A5BC1B3-9887-4C95-87A5-507236F66B4A}.Debug|Any CPU.ActiveCfg = Debug|Any CPU
		{6A5BC1B3-9887-4C95-87A5-507236F66B4A}.Debug|Any CPU.Build.0 = Debug|Any CPU
		{6A5BC1B3-9887-4C95-87A5-507236F66B4A}.Release|Any CPU.ActiveCfg = Release|Any CPU
		{6A5BC1B3-9887-4C95-87A5-507236F66B4A}.Release|Any CPU.Build.0 = Release|Any CPU
		{25C75C1F-3C04-49CA-BE13-8C8335A4A8C2}.Debug|Any CPU.ActiveCfg = Debug|Any CPU
		{25C75C1F-3C04-49CA-BE13-8C8335A4A8C2}.Debug|Any CPU.Build.0 = Debug|Any CPU
		{25C75C1F-3C04-49CA-BE13-8C8335A4A8C2}.Release|Any CPU.ActiveCfg = Release|Any CPU
		{25C75C1F-3C04-49CA-BE13-8C8335A4A8C2}.Release|Any CPU.Build.0 = Release|Any CPU
		{44CF37A4-3917-471E-B86C-07F2D8FC290D}.Debug|Any CPU.ActiveCfg = Debug|Any CPU
		{44CF37A4-3917-471E-B86C-07F2D8FC290D}.Debug|Any CPU.Build.0 = Debug|Any CPU
		{44CF37A4-3917-471E-B86C-07F2D8FC290D}.Release|Any CPU.ActiveCfg = Release|Any CPU
		{44CF37A4-3917-471E-B86C-07F2D8FC290D}.Release|Any CPU.Build.0 = Release|Any CPU
		{7E9EF6F4-5857-4F46-BE8D-693C6DDA84C4}.Debug|Any CPU.ActiveCfg = Debug|Any CPU
		{7E9EF6F4-5857-4F46-BE8D-693C6DDA84C4}.Debug|Any CPU.Build.0 = Debug|Any CPU
		{7E9EF6F4-5857-4F46-BE8D-693C6DDA84C4}.Release|Any CPU.ActiveCfg = Release|Any CPU
		{7E9EF6F4-5857-4F46-BE8D-693C6DDA84C4}.Release|Any CPU.Build.0 = Release|Any CPU
		{2D12AE1B-9736-4222-85D7-8FC9DBCDE848}.Debug|Any CPU.ActiveCfg = Debug|Any CPU
		{2D12AE1B-9736-4222-85D7-8FC9DBCDE848}.Debug|Any CPU.Build.0 = Debug|Any CPU
		{2D12AE1B-9736-4222-85D7-8FC9DBCDE848}.Release|Any CPU.ActiveCfg = Release|Any CPU
		{2D12AE1B-9736-4222-85D7-8FC9DBCDE848}.Release|Any CPU.Build.0 = Release|Any CPU
		{77B30713-20D6-4CC5-88A7-069FA59A430F}.Debug|Any CPU.ActiveCfg = Debug|Any CPU
		{77B30713-20D6-4CC5-88A7-069FA59A430F}.Debug|Any CPU.Build.0 = Debug|Any CPU
		{77B30713-20D6-4CC5-88A7-069FA59A430F}.Release|Any CPU.ActiveCfg = Release|Any CPU
		{77B30713-20D6-4CC5-88A7-069FA59A430F}.Release|Any CPU.Build.0 = Release|Any CPU
		{BEDD39D6-02AE-4258-BAAE-FA227929FD89}.Debug|Any CPU.ActiveCfg = Debug|Any CPU
		{BEDD39D6-02AE-4258-BAAE-FA227929FD89}.Debug|Any CPU.Build.0 = Debug|Any CPU
		{BEDD39D6-02AE-4258-BAAE-FA227929FD89}.Release|Any CPU.ActiveCfg = Release|Any CPU
		{BEDD39D6-02AE-4258-BAAE-FA227929FD89}.Release|Any CPU.Build.0 = Release|Any CPU
	EndGlobalSection
	GlobalSection(SolutionProperties) = preSolution
		HideSolutionNode = FALSE
	EndGlobalSection
	GlobalSection(ExtensibilityGlobals) = postSolution
		SolutionGuid = {48E7D437-32A2-40AC-9798-83E931A25A98}
	EndGlobalSection
EndGlobal
