
Microsoft Visual Studio Solution File, Format Version 12.00
# Visual Studio 15
VisualStudioVersion = 15.0.27703.2035
MinimumVisualStudioVersion = 10.0.40219.1
Project("{FAE04EC0-301F-11D3-BF4B-00C04F79EFBC}") = "01.NumbersFrom1To100", "01.NumbersFrom1To100\01.NumbersFrom1To100.csproj", "{A50C6241-8BFD-45F3-8D14-90EF123E8695}"
EndProject
Project("{FAE04EC0-301F-11D3-BF4B-00C04F79EFBC}") = "02.LatinLetters", "02.LatinLetters\02.LatinLetters.csproj", "{458F1971-F6E1-4CA3-8D6E-CD82CAE80001}"
EndProject
Project("{FAE04EC0-301F-11D3-BF4B-00C04F79EFBC}") = "03.SumNumbers", "03.SumNumbers\03.SumNumbers.csproj", "{FEA67AF6-0248-4E34-8523-569AB328406E}"
EndProject
Project("{FAE04EC0-301F-11D3-BF4B-00C04F79EFBC}") = "04.MaxNumber", "04.MaxNumber\04.MaxNumber.csproj", "{C12C26B8-2C34-4599-B3DB-2505BAD4412F}"
EndProject
Project("{FAE04EC0-301F-11D3-BF4B-00C04F79EFBC}") = "05.MinNumber", "05.MinNumber\05.MinNumber.csproj", "{42E7134D-55CA-4780-B13F-B6EE7571B5B0}"
EndProject
Project("{FAE04EC0-301F-11D3-BF4B-00C04F79EFBC}") = "06.LeftAndRightSum", "06.LeftAndRightSum\06.LeftAndRightSum.csproj", "{3E8FB018-2866-46F1-897D-EC25A3287496}"
EndProject
Project("{FAE04EC0-301F-11D3-BF4B-00C04F79EFBC}") = "07.OddEvenSum", "07.OddEvenSum\07.OddEvenSum.csproj", "{5D69F0E2-284D-4C22-B4C7-4E0F6BA81B9E}"
EndProject
Project("{FAE04EC0-301F-11D3-BF4B-00C04F79EFBC}") = "08.VowelsSum", "08.VowelsSum\08.VowelsSum.csproj", "{5DD6326F-8679-46E7-8033-D7BBBE64B2BA}"
EndProject
Project("{FAE04EC0-301F-11D3-BF4B-00C04F79EFBC}") = "09.CleverLily", "09.CleverLily\09.CleverLily.csproj", "{F5E47910-082E-4E4D-A7DB-CBAC01594A34}"
EndProject
Global
	GlobalSection(SolutionConfigurationPlatforms) = preSolution
		Debug|Any CPU = Debug|Any CPU
		Release|Any CPU = Release|Any CPU
	EndGlobalSection
	GlobalSection(ProjectConfigurationPlatforms) = postSolution
		{A50C6241-8BFD-45F3-8D14-90EF123E8695}.Debug|Any CPU.ActiveCfg = Debug|Any CPU
		{A50C6241-8BFD-45F3-8D14-90EF123E8695}.Debug|Any CPU.Build.0 = Debug|Any CPU
		{A50C6241-8BFD-45F3-8D14-90EF123E8695}.Release|Any CPU.ActiveCfg = Release|Any CPU
		{A50C6241-8BFD-45F3-8D14-90EF123E8695}.Release|Any CPU.Build.0 = Release|Any CPU
		{458F1971-F6E1-4CA3-8D6E-CD82CAE80001}.Debug|Any CPU.ActiveCfg = Debug|Any CPU
		{458F1971-F6E1-4CA3-8D6E-CD82CAE80001}.Debug|Any CPU.Build.0 = Debug|Any CPU
		{458F1971-F6E1-4CA3-8D6E-CD82CAE80001}.Release|Any CPU.ActiveCfg = Release|Any CPU
		{458F1971-F6E1-4CA3-8D6E-CD82CAE80001}.Release|Any CPU.Build.0 = Release|Any CPU
		{FEA67AF6-0248-4E34-8523-569AB328406E}.Debug|Any CPU.ActiveCfg = Debug|Any CPU
		{FEA67AF6-0248-4E34-8523-569AB328406E}.Debug|Any CPU.Build.0 = Debug|Any CPU
		{FEA67AF6-0248-4E34-8523-569AB328406E}.Release|Any CPU.ActiveCfg = Release|Any CPU
		{FEA67AF6-0248-4E34-8523-569AB328406E}.Release|Any CPU.Build.0 = Release|Any CPU
		{C12C26B8-2C34-4599-B3DB-2505BAD4412F}.Debug|Any CPU.ActiveCfg = Debug|Any CPU
		{C12C26B8-2C34-4599-B3DB-2505BAD4412F}.Debug|Any CPU.Build.0 = Debug|Any CPU
		{C12C26B8-2C34-4599-B3DB-2505BAD4412F}.Release|Any CPU.ActiveCfg = Release|Any CPU
		{C12C26B8-2C34-4599-B3DB-2505BAD4412F}.Release|Any CPU.Build.0 = Release|Any CPU
		{42E7134D-55CA-4780-B13F-B6EE7571B5B0}.Debug|Any CPU.ActiveCfg = Debug|Any CPU
		{42E7134D-55CA-4780-B13F-B6EE7571B5B0}.Debug|Any CPU.Build.0 = Debug|Any CPU
		{42E7134D-55CA-4780-B13F-B6EE7571B5B0}.Release|Any CPU.ActiveCfg = Release|Any CPU
		{42E7134D-55CA-4780-B13F-B6EE7571B5B0}.Release|Any CPU.Build.0 = Release|Any CPU
		{3E8FB018-2866-46F1-897D-EC25A3287496}.Debug|Any CPU.ActiveCfg = Debug|Any CPU
		{3E8FB018-2866-46F1-897D-EC25A3287496}.Debug|Any CPU.Build.0 = Debug|Any CPU
		{3E8FB018-2866-46F1-897D-EC25A3287496}.Release|Any CPU.ActiveCfg = Release|Any CPU
		{3E8FB018-2866-46F1-897D-EC25A3287496}.Release|Any CPU.Build.0 = Release|Any CPU
		{5D69F0E2-284D-4C22-B4C7-4E0F6BA81B9E}.Debug|Any CPU.ActiveCfg = Debug|Any CPU
		{5D69F0E2-284D-4C22-B4C7-4E0F6BA81B9E}.Debug|Any CPU.Build.0 = Debug|Any CPU
		{5D69F0E2-284D-4C22-B4C7-4E0F6BA81B9E}.Release|Any CPU.ActiveCfg = Release|Any CPU
		{5D69F0E2-284D-4C22-B4C7-4E0F6BA81B9E}.Release|Any CPU.Build.0 = Release|Any CPU
		{5DD6326F-8679-46E7-8033-D7BBBE64B2BA}.Debug|Any CPU.ActiveCfg = Debug|Any CPU
		{5DD6326F-8679-46E7-8033-D7BBBE64B2BA}.Debug|Any CPU.Build.0 = Debug|Any CPU
		{5DD6326F-8679-46E7-8033-D7BBBE64B2BA}.Release|Any CPU.ActiveCfg = Release|Any CPU
		{5DD6326F-8679-46E7-8033-D7BBBE64B2BA}.Release|Any CPU.Build.0 = Release|Any CPU
		{F5E47910-082E-4E4D-A7DB-CBAC01594A34}.Debug|Any CPU.ActiveCfg = Debug|Any CPU
		{F5E47910-082E-4E4D-A7DB-CBAC01594A34}.Debug|Any CPU.Build.0 = Debug|Any CPU
		{F5E47910-082E-4E4D-A7DB-CBAC01594A34}.Release|Any CPU.ActiveCfg = Release|Any CPU
		{F5E47910-082E-4E4D-A7DB-CBAC01594A34}.Release|Any CPU.Build.0 = Release|Any CPU
	EndGlobalSection
	GlobalSection(SolutionProperties) = preSolution
		HideSolutionNode = FALSE
	EndGlobalSection
	GlobalSection(ExtensibilityGlobals) = postSolution
		SolutionGuid = {CC0F953A-6D5E-49A3-BADF-B8FEF9F2BF53}
	EndGlobalSection
EndGlobal
