
Microsoft Visual Studio Solution File, Format Version 12.00
# Visual Studio 14
VisualStudioVersion = 14.0.25420.1
MinimumVisualStudioVersion = 10.0.40219.1
Project("{FAE04EC0-301F-11D3-BF4B-00C04F79EFBC}") = "01.SquareArea", "01.SquareArea\01.SquareArea.csproj", "{9E354CA7-2726-41D8-908B-5B5B279E9B88}"
EndProject
Project("{FAE04EC0-301F-11D3-BF4B-00C04F79EFBC}") = "02.InchesToCentimeters", "02.InchesToCentimeters\02.InchesToCentimeters.csproj", "{D494A1D8-D78C-4062-B50C-4AE0B03E4CB4}"
EndProject
Project("{FAE04EC0-301F-11D3-BF4B-00C04F79EFBC}") = "03.GreetingByName", "03.GreetingByName\03.GreetingByName.csproj", "{2B806C38-9C3F-453B-87C5-1BD9D9C0FD10}"
EndProject
Project("{FAE04EC0-301F-11D3-BF4B-00C04F79EFBC}") = "04.ConcatenateData", "04.ConcatenateData\04.ConcatenateData.csproj", "{611BF038-DF11-4AD6-97F9-85787F179FEC}"
EndProject
Project("{FAE04EC0-301F-11D3-BF4B-00C04F79EFBC}") = "05.TrapeziodArea", "05.TrapeziodArea\05.TrapeziodArea.csproj", "{FC9766C7-D37F-462E-8617-3CF3A4BF4E5D}"
EndProject
Project("{FAE04EC0-301F-11D3-BF4B-00C04F79EFBC}") = "06.CircleAreaAndPerimeter", "06.CircleAreaAndPerimeter\06.CircleAreaAndPerimeter.csproj", "{EC665A34-4A68-4239-8B54-422828C07A20}"
EndProject
Project("{FAE04EC0-301F-11D3-BF4B-00C04F79EFBC}") = "07.2DRectangleArea", "07.2DRectangleArea\07.2DRectangleArea.csproj", "{7B822C86-E2E6-467F-9E64-32A88A3EE081}"
EndProject
Project("{FAE04EC0-301F-11D3-BF4B-00C04F79EFBC}") = "08.TriangleArea", "08.TriangleArea\08.TriangleArea.csproj", "{D1C8B788-84B3-4ED4-8802-DE2C562D80BF}"
EndProject
Project("{FAE04EC0-301F-11D3-BF4B-00C04F79EFBC}") = "09.CelsiusToFahrenheit", "09.CelsiusToFahrenheit\09.CelsiusToFahrenheit.csproj", "{4FA5DC41-E265-4C4F-A990-9078840C0B12}"
EndProject
Project("{FAE04EC0-301F-11D3-BF4B-00C04F79EFBC}") = "10.RadiansToDegrees", "10.RadiansToDegrees\10.RadiansToDegrees.csproj", "{610F2BC7-281A-456F-89FC-70D4D0A31300}"
EndProject
Project("{FAE04EC0-301F-11D3-BF4B-00C04F79EFBC}") = "11.USDToBGN", "11.USDToBGN\11.USDToBGN.csproj", "{5FD19589-42EF-49E3-81DF-7E591D867F34}"
EndProject
Project("{FAE04EC0-301F-11D3-BF4B-00C04F79EFBC}") = "12.CurrencyConverter", "12.CurrencyConverter\12.CurrencyConverter.csproj", "{E96D2BAA-5A3A-4D0B-B9B5-94397B6E6DF3}"
EndProject
Project("{FAE04EC0-301F-11D3-BF4B-00C04F79EFBC}") = "13.1000DaysAfterBirth", "13.1000DaysAfterBirth\13.1000DaysAfterBirth.csproj", "{45B73710-CC97-4011-878A-4E9FCBC9B2AF}"
EndProject
Global
	GlobalSection(SolutionConfigurationPlatforms) = preSolution
		Debug|Any CPU = Debug|Any CPU
		Release|Any CPU = Release|Any CPU
	EndGlobalSection
	GlobalSection(ProjectConfigurationPlatforms) = postSolution
		{9E354CA7-2726-41D8-908B-5B5B279E9B88}.Debug|Any CPU.ActiveCfg = Debug|Any CPU
		{9E354CA7-2726-41D8-908B-5B5B279E9B88}.Debug|Any CPU.Build.0 = Debug|Any CPU
		{9E354CA7-2726-41D8-908B-5B5B279E9B88}.Release|Any CPU.ActiveCfg = Release|Any CPU
		{9E354CA7-2726-41D8-908B-5B5B279E9B88}.Release|Any CPU.Build.0 = Release|Any CPU
		{D494A1D8-D78C-4062-B50C-4AE0B03E4CB4}.Debug|Any CPU.ActiveCfg = Debug|Any CPU
		{D494A1D8-D78C-4062-B50C-4AE0B03E4CB4}.Debug|Any CPU.Build.0 = Debug|Any CPU
		{D494A1D8-D78C-4062-B50C-4AE0B03E4CB4}.Release|Any CPU.ActiveCfg = Release|Any CPU
		{D494A1D8-D78C-4062-B50C-4AE0B03E4CB4}.Release|Any CPU.Build.0 = Release|Any CPU
		{2B806C38-9C3F-453B-87C5-1BD9D9C0FD10}.Debug|Any CPU.ActiveCfg = Debug|Any CPU
		{2B806C38-9C3F-453B-87C5-1BD9D9C0FD10}.Debug|Any CPU.Build.0 = Debug|Any CPU
		{2B806C38-9C3F-453B-87C5-1BD9D9C0FD10}.Release|Any CPU.ActiveCfg = Release|Any CPU
		{2B806C38-9C3F-453B-87C5-1BD9D9C0FD10}.Release|Any CPU.Build.0 = Release|Any CPU
		{611BF038-DF11-4AD6-97F9-85787F179FEC}.Debug|Any CPU.ActiveCfg = Debug|Any CPU
		{611BF038-DF11-4AD6-97F9-85787F179FEC}.Debug|Any CPU.Build.0 = Debug|Any CPU
		{611BF038-DF11-4AD6-97F9-85787F179FEC}.Release|Any CPU.ActiveCfg = Release|Any CPU
		{611BF038-DF11-4AD6-97F9-85787F179FEC}.Release|Any CPU.Build.0 = Release|Any CPU
		{FC9766C7-D37F-462E-8617-3CF3A4BF4E5D}.Debug|Any CPU.ActiveCfg = Debug|Any CPU
		{FC9766C7-D37F-462E-8617-3CF3A4BF4E5D}.Debug|Any CPU.Build.0 = Debug|Any CPU
		{FC9766C7-D37F-462E-8617-3CF3A4BF4E5D}.Release|Any CPU.ActiveCfg = Release|Any CPU
		{FC9766C7-D37F-462E-8617-3CF3A4BF4E5D}.Release|Any CPU.Build.0 = Release|Any CPU
		{EC665A34-4A68-4239-8B54-422828C07A20}.Debug|Any CPU.ActiveCfg = Debug|Any CPU
		{EC665A34-4A68-4239-8B54-422828C07A20}.Debug|Any CPU.Build.0 = Debug|Any CPU
		{EC665A34-4A68-4239-8B54-422828C07A20}.Release|Any CPU.ActiveCfg = Release|Any CPU
		{EC665A34-4A68-4239-8B54-422828C07A20}.Release|Any CPU.Build.0 = Release|Any CPU
		{7B822C86-E2E6-467F-9E64-32A88A3EE081}.Debug|Any CPU.ActiveCfg = Debug|Any CPU
		{7B822C86-E2E6-467F-9E64-32A88A3EE081}.Debug|Any CPU.Build.0 = Debug|Any CPU
		{7B822C86-E2E6-467F-9E64-32A88A3EE081}.Release|Any CPU.ActiveCfg = Release|Any CPU
		{7B822C86-E2E6-467F-9E64-32A88A3EE081}.Release|Any CPU.Build.0 = Release|Any CPU
		{D1C8B788-84B3-4ED4-8802-DE2C562D80BF}.Debug|Any CPU.ActiveCfg = Debug|Any CPU
		{D1C8B788-84B3-4ED4-8802-DE2C562D80BF}.Debug|Any CPU.Build.0 = Debug|Any CPU
		{D1C8B788-84B3-4ED4-8802-DE2C562D80BF}.Release|Any CPU.ActiveCfg = Release|Any CPU
		{D1C8B788-84B3-4ED4-8802-DE2C562D80BF}.Release|Any CPU.Build.0 = Release|Any CPU
		{4FA5DC41-E265-4C4F-A990-9078840C0B12}.Debug|Any CPU.ActiveCfg = Debug|Any CPU
		{4FA5DC41-E265-4C4F-A990-9078840C0B12}.Debug|Any CPU.Build.0 = Debug|Any CPU
		{4FA5DC41-E265-4C4F-A990-9078840C0B12}.Release|Any CPU.ActiveCfg = Release|Any CPU
		{4FA5DC41-E265-4C4F-A990-9078840C0B12}.Release|Any CPU.Build.0 = Release|Any CPU
		{610F2BC7-281A-456F-89FC-70D4D0A31300}.Debug|Any CPU.ActiveCfg = Debug|Any CPU
		{610F2BC7-281A-456F-89FC-70D4D0A31300}.Debug|Any CPU.Build.0 = Debug|Any CPU
		{610F2BC7-281A-456F-89FC-70D4D0A31300}.Release|Any CPU.ActiveCfg = Release|Any CPU
		{610F2BC7-281A-456F-89FC-70D4D0A31300}.Release|Any CPU.Build.0 = Release|Any CPU
		{5FD19589-42EF-49E3-81DF-7E591D867F34}.Debug|Any CPU.ActiveCfg = Debug|Any CPU
		{5FD19589-42EF-49E3-81DF-7E591D867F34}.Debug|Any CPU.Build.0 = Debug|Any CPU
		{5FD19589-42EF-49E3-81DF-7E591D867F34}.Release|Any CPU.ActiveCfg = Release|Any CPU
		{5FD19589-42EF-49E3-81DF-7E591D867F34}.Release|Any CPU.Build.0 = Release|Any CPU
		{E96D2BAA-5A3A-4D0B-B9B5-94397B6E6DF3}.Debug|Any CPU.ActiveCfg = Debug|Any CPU
		{E96D2BAA-5A3A-4D0B-B9B5-94397B6E6DF3}.Debug|Any CPU.Build.0 = Debug|Any CPU
		{E96D2BAA-5A3A-4D0B-B9B5-94397B6E6DF3}.Release|Any CPU.ActiveCfg = Release|Any CPU
		{E96D2BAA-5A3A-4D0B-B9B5-94397B6E6DF3}.Release|Any CPU.Build.0 = Release|Any CPU
		{45B73710-CC97-4011-878A-4E9FCBC9B2AF}.Debug|Any CPU.ActiveCfg = Debug|Any CPU
		{45B73710-CC97-4011-878A-4E9FCBC9B2AF}.Debug|Any CPU.Build.0 = Debug|Any CPU
		{45B73710-CC97-4011-878A-4E9FCBC9B2AF}.Release|Any CPU.ActiveCfg = Release|Any CPU
		{45B73710-CC97-4011-878A-4E9FCBC9B2AF}.Release|Any CPU.Build.0 = Release|Any CPU
	EndGlobalSection
	GlobalSection(SolutionProperties) = preSolution
		HideSolutionNode = FALSE
	EndGlobalSection
EndGlobal
