
Microsoft Visual Studio Solution File, Format Version 12.00
# Visual Studio 15
VisualStudioVersion = 15.0.27703.2035
MinimumVisualStudioVersion = 10.0.40219.1
Project("{FAE04EC0-301F-11D3-BF4B-00C04F79EFBC}") = "01.ExcellentResult", "01.ExcellentResult\01.ExcellentResult.csproj", "{7B00E606-0A5F-4542-9228-780715EECDF2}"
EndProject
Project("{FAE04EC0-301F-11D3-BF4B-00C04F79EFBC}") = "02.EvenOrOdd", "02.EvenOrOdd\02.EvenOrOdd.csproj", "{90C4575E-8AB3-4521-8093-78831177E92F}"
EndProject
Project("{FAE04EC0-301F-11D3-BF4B-00C04F79EFBC}") = "03.BiggerNumber", "BiggerNumber\03.BiggerNumber.csproj", "{D378EF6D-84D2-4353-9F36-7A5406DB3690}"
EndProject
Project("{FAE04EC0-301F-11D3-BF4B-00C04F79EFBC}") = "04.NumberToText", "04.NumberToText\04.NumberToText.csproj", "{FFD8184C-2D18-4F32-ACA4-71CA8469548C}"
EndProject
Project("{FAE04EC0-301F-11D3-BF4B-00C04F79EFBC}") = "05.GuessThePassword", "05.GuessThePassword\05.GuessThePassword.csproj", "{DD3B61F5-35BF-4BCA-887C-F221E6767400}"
EndProject
Project("{FAE04EC0-301F-11D3-BF4B-00C04F79EFBC}") = "06.Number100To200", "06.Number100To200\06.Number100To200.csproj", "{948638D5-2A6F-4108-BB60-EA0551E4199E}"
EndProject
Project("{FAE04EC0-301F-11D3-BF4B-00C04F79EFBC}") = "07.EqualWords", "07.EqualWords\07.EqualWords.csproj", "{085662B2-70A2-4ADE-883E-12850216DBB7}"
EndProject
Project("{FAE04EC0-301F-11D3-BF4B-00C04F79EFBC}") = "08.AreaOfFigures", "08.AreaOfFigures\08.AreaOfFigures.csproj", "{453501D2-5CE8-4A89-9D10-49D603A58EAD}"
EndProject
Project("{FAE04EC0-301F-11D3-BF4B-00C04F79EFBC}") = "09.ThreeEqualNumbers", "09.ThreeEqualNumbers\09.ThreeEqualNumbers.csproj", "{16D663DB-D115-4497-B029-315628328420}"
EndProject
Project("{FAE04EC0-301F-11D3-BF4B-00C04F79EFBC}") = "10.KidsToys", "10.KidsToys\10.KidsToys.csproj", "{6A134658-7DC7-4F2E-9BF3-4B7995702DDC}"
EndProject
Global
	GlobalSection(SolutionConfigurationPlatforms) = preSolution
		Debug|Any CPU = Debug|Any CPU
		Release|Any CPU = Release|Any CPU
	EndGlobalSection
	GlobalSection(ProjectConfigurationPlatforms) = postSolution
		{7B00E606-0A5F-4542-9228-780715EECDF2}.Debug|Any CPU.ActiveCfg = Debug|Any CPU
		{7B00E606-0A5F-4542-9228-780715EECDF2}.Debug|Any CPU.Build.0 = Debug|Any CPU
		{7B00E606-0A5F-4542-9228-780715EECDF2}.Release|Any CPU.ActiveCfg = Release|Any CPU
		{7B00E606-0A5F-4542-9228-780715EECDF2}.Release|Any CPU.Build.0 = Release|Any CPU
		{90C4575E-8AB3-4521-8093-78831177E92F}.Debug|Any CPU.ActiveCfg = Debug|Any CPU
		{90C4575E-8AB3-4521-8093-78831177E92F}.Debug|Any CPU.Build.0 = Debug|Any CPU
		{90C4575E-8AB3-4521-8093-78831177E92F}.Release|Any CPU.ActiveCfg = Release|Any CPU
		{90C4575E-8AB3-4521-8093-78831177E92F}.Release|Any CPU.Build.0 = Release|Any CPU
		{D378EF6D-84D2-4353-9F36-7A5406DB3690}.Debug|Any CPU.ActiveCfg = Debug|Any CPU
		{D378EF6D-84D2-4353-9F36-7A5406DB3690}.Debug|Any CPU.Build.0 = Debug|Any CPU
		{D378EF6D-84D2-4353-9F36-7A5406DB3690}.Release|Any CPU.ActiveCfg = Release|Any CPU
		{D378EF6D-84D2-4353-9F36-7A5406DB3690}.Release|Any CPU.Build.0 = Release|Any CPU
		{FFD8184C-2D18-4F32-ACA4-71CA8469548C}.Debug|Any CPU.ActiveCfg = Debug|Any CPU
		{FFD8184C-2D18-4F32-ACA4-71CA8469548C}.Debug|Any CPU.Build.0 = Debug|Any CPU
		{FFD8184C-2D18-4F32-ACA4-71CA8469548C}.Release|Any CPU.ActiveCfg = Release|Any CPU
		{FFD8184C-2D18-4F32-ACA4-71CA8469548C}.Release|Any CPU.Build.0 = Release|Any CPU
		{DD3B61F5-35BF-4BCA-887C-F221E6767400}.Debug|Any CPU.ActiveCfg = Debug|Any CPU
		{DD3B61F5-35BF-4BCA-887C-F221E6767400}.Debug|Any CPU.Build.0 = Debug|Any CPU
		{DD3B61F5-35BF-4BCA-887C-F221E6767400}.Release|Any CPU.ActiveCfg = Release|Any CPU
		{DD3B61F5-35BF-4BCA-887C-F221E6767400}.Release|Any CPU.Build.0 = Release|Any CPU
		{948638D5-2A6F-4108-BB60-EA0551E4199E}.Debug|Any CPU.ActiveCfg = Debug|Any CPU
		{948638D5-2A6F-4108-BB60-EA0551E4199E}.Debug|Any CPU.Build.0 = Debug|Any CPU
		{948638D5-2A6F-4108-BB60-EA0551E4199E}.Release|Any CPU.ActiveCfg = Release|Any CPU
		{948638D5-2A6F-4108-BB60-EA0551E4199E}.Release|Any CPU.Build.0 = Release|Any CPU
		{085662B2-70A2-4ADE-883E-12850216DBB7}.Debug|Any CPU.ActiveCfg = Debug|Any CPU
		{085662B2-70A2-4ADE-883E-12850216DBB7}.Debug|Any CPU.Build.0 = Debug|Any CPU
		{085662B2-70A2-4ADE-883E-12850216DBB7}.Release|Any CPU.ActiveCfg = Release|Any CPU
		{085662B2-70A2-4ADE-883E-12850216DBB7}.Release|Any CPU.Build.0 = Release|Any CPU
		{453501D2-5CE8-4A89-9D10-49D603A58EAD}.Debug|Any CPU.ActiveCfg = Debug|Any CPU
		{453501D2-5CE8-4A89-9D10-49D603A58EAD}.Debug|Any CPU.Build.0 = Debug|Any CPU
		{453501D2-5CE8-4A89-9D10-49D603A58EAD}.Release|Any CPU.ActiveCfg = Release|Any CPU
		{453501D2-5CE8-4A89-9D10-49D603A58EAD}.Release|Any CPU.Build.0 = Release|Any CPU
		{16D663DB-D115-4497-B029-315628328420}.Debug|Any CPU.ActiveCfg = Debug|Any CPU
		{16D663DB-D115-4497-B029-315628328420}.Debug|Any CPU.Build.0 = Debug|Any CPU
		{16D663DB-D115-4497-B029-315628328420}.Release|Any CPU.ActiveCfg = Release|Any CPU
		{16D663DB-D115-4497-B029-315628328420}.Release|Any CPU.Build.0 = Release|Any CPU
		{6A134658-7DC7-4F2E-9BF3-4B7995702DDC}.Debug|Any CPU.ActiveCfg = Debug|Any CPU
		{6A134658-7DC7-4F2E-9BF3-4B7995702DDC}.Debug|Any CPU.Build.0 = Debug|Any CPU
		{6A134658-7DC7-4F2E-9BF3-4B7995702DDC}.Release|Any CPU.ActiveCfg = Release|Any CPU
		{6A134658-7DC7-4F2E-9BF3-4B7995702DDC}.Release|Any CPU.Build.0 = Release|Any CPU
	EndGlobalSection
	GlobalSection(SolutionProperties) = preSolution
		HideSolutionNode = FALSE
	EndGlobalSection
	GlobalSection(ExtensibilityGlobals) = postSolution
		SolutionGuid = {49AEFC79-6696-4E4C-9E72-66A04E286C45}
	EndGlobalSection
EndGlobal
