
Microsoft Visual Studio Solution File, Format Version 12.00
# Visual Studio 14
VisualStudioVersion = 14.0.25420.1
MinimumVisualStudioVersion = 10.0.40219.1
Project("{FAE04EC0-301F-11D3-BF4B-00C04F79EFBC}") = "01.HousePrice", "01.HousePrice\01.HousePrice.csproj", "{89F9DF3E-7E2C-4070-B2A2-818DC4496B18}"
EndProject
Project("{FAE04EC0-301F-11D3-BF4B-00C04F79EFBC}") = "02.FlowerShop", "02.FlowerShop\02.FlowerShop.csproj", "{21DB95B2-79DD-469C-AFE3-F9A9053C79BF}"
EndProject
Project("{FAE04EC0-301F-11D3-BF4B-00C04F79EFBC}") = "03.BikeRace", "03.BikeRace\03.BikeRace.csproj", "{A14300C3-92EF-4FA9-A2B9-D54E76E4FFAC}"
EndProject
Project("{FAE04EC0-301F-11D3-BF4B-00C04F79EFBC}") = "04.Logistics", "04.Logistics\04.Logistics.csproj", "{641B0ED7-CE19-404D-A3B8-DA3D110FF6DB}"
EndProject
Project("{FAE04EC0-301F-11D3-BF4B-00C04F79EFBC}") = "05.Rocket", "05.Rocket\05.Rocket.csproj", "{3B7C24CF-2990-4911-B206-C2D86B42411F}"
EndProject
Project("{FAE04EC0-301F-11D3-BF4B-00C04F79EFBC}") = "06.MaxCombination", "06.MaxCombination\06.MaxCombination.csproj", "{D919581B-C069-4221-8D8B-7782948C42A7}"
EndProject
Global
	GlobalSection(SolutionConfigurationPlatforms) = preSolution
		Debug|Any CPU = Debug|Any CPU
		Release|Any CPU = Release|Any CPU
	EndGlobalSection
	GlobalSection(ProjectConfigurationPlatforms) = postSolution
		{89F9DF3E-7E2C-4070-B2A2-818DC4496B18}.Debug|Any CPU.ActiveCfg = Debug|Any CPU
		{89F9DF3E-7E2C-4070-B2A2-818DC4496B18}.Debug|Any CPU.Build.0 = Debug|Any CPU
		{89F9DF3E-7E2C-4070-B2A2-818DC4496B18}.Release|Any CPU.ActiveCfg = Release|Any CPU
		{89F9DF3E-7E2C-4070-B2A2-818DC4496B18}.Release|Any CPU.Build.0 = Release|Any CPU
		{21DB95B2-79DD-469C-AFE3-F9A9053C79BF}.Debug|Any CPU.ActiveCfg = Debug|Any CPU
		{21DB95B2-79DD-469C-AFE3-F9A9053C79BF}.Debug|Any CPU.Build.0 = Debug|Any CPU
		{21DB95B2-79DD-469C-AFE3-F9A9053C79BF}.Release|Any CPU.ActiveCfg = Release|Any CPU
		{21DB95B2-79DD-469C-AFE3-F9A9053C79BF}.Release|Any CPU.Build.0 = Release|Any CPU
		{A14300C3-92EF-4FA9-A2B9-D54E76E4FFAC}.Debug|Any CPU.ActiveCfg = Debug|Any CPU
		{A14300C3-92EF-4FA9-A2B9-D54E76E4FFAC}.Debug|Any CPU.Build.0 = Debug|Any CPU
		{A14300C3-92EF-4FA9-A2B9-D54E76E4FFAC}.Release|Any CPU.ActiveCfg = Release|Any CPU
		{A14300C3-92EF-4FA9-A2B9-D54E76E4FFAC}.Release|Any CPU.Build.0 = Release|Any CPU
		{641B0ED7-CE19-404D-A3B8-DA3D110FF6DB}.Debug|Any CPU.ActiveCfg = Debug|Any CPU
		{641B0ED7-CE19-404D-A3B8-DA3D110FF6DB}.Debug|Any CPU.Build.0 = Debug|Any CPU
		{641B0ED7-CE19-404D-A3B8-DA3D110FF6DB}.Release|Any CPU.ActiveCfg = Release|Any CPU
		{641B0ED7-CE19-404D-A3B8-DA3D110FF6DB}.Release|Any CPU.Build.0 = Release|Any CPU
		{3B7C24CF-2990-4911-B206-C2D86B42411F}.Debug|Any CPU.ActiveCfg = Debug|Any CPU
		{3B7C24CF-2990-4911-B206-C2D86B42411F}.Debug|Any CPU.Build.0 = Debug|Any CPU
		{3B7C24CF-2990-4911-B206-C2D86B42411F}.Release|Any CPU.ActiveCfg = Release|Any CPU
		{3B7C24CF-2990-4911-B206-C2D86B42411F}.Release|Any CPU.Build.0 = Release|Any CPU
		{D919581B-C069-4221-8D8B-7782948C42A7}.Debug|Any CPU.ActiveCfg = Debug|Any CPU
		{D919581B-C069-4221-8D8B-7782948C42A7}.Debug|Any CPU.Build.0 = Debug|Any CPU
		{D919581B-C069-4221-8D8B-7782948C42A7}.Release|Any CPU.ActiveCfg = Release|Any CPU
		{D919581B-C069-4221-8D8B-7782948C42A7}.Release|Any CPU.Build.0 = Release|Any CPU
	EndGlobalSection
	GlobalSection(SolutionProperties) = preSolution
		HideSolutionNode = FALSE
	EndGlobalSection
EndGlobal
