
Microsoft Visual Studio Solution File, Format Version 12.00
# Visual Studio 14
VisualStudioVersion = 14.0.25420.1
MinimumVisualStudioVersion = 10.0.40219.1
Project("{FAE04EC0-301F-11D3-BF4B-00C04F79EFBC}") = "Задача01-ДневнаПечалба", "Задача01-ДневнаПечалба\Задача01-ДневнаПечалба.csproj", "{16630CE4-6844-42B4-91B7-579C54F3533F}"
EndProject
Project("{FAE04EC0-301F-11D3-BF4B-00C04F79EFBC}") = "Задача2-Фирма", "Задача2-Фирма\Задача2-Фирма.csproj", "{1B4567FD-077A-45EA-A865-8E27BBAD92A1}"
EndProject
Project("{FAE04EC0-301F-11D3-BF4B-00C04F79EFBC}") = "Задача3-ХотелскаСтая", "Задача3-ХотелскаСтая\Задача3-ХотелскаСтая.csproj", "{76E33CAB-041B-49E9-A0BC-4A86304A0B49}"
EndProject
Project("{FAE04EC0-301F-11D3-BF4B-00C04F79EFBC}") = "Задача4-Болница", "Задача4-Болница\Задача4-Болница.csproj", "{AD571AF2-2CA4-44F2-9D54-73347993011C}"
EndProject
Project("{FAE04EC0-301F-11D3-BF4B-00C04F79EFBC}") = "Задача5-Брадва", "Задача 5-Брадва\Задача5-Брадва.csproj", "{9A8C32F3-6A14-4EE3-8FE0-AFEE6A5F84FE}"
EndProject
Project("{FAE04EC0-301F-11D3-BF4B-00C04F79EFBC}") = "Задача6-Цифри", "Задача6-Цифри\Задача6-Цифри.csproj", "{DFCC5243-4CE6-4CD8-A2EC-DA660FBB3264}"
EndProject
Global
	GlobalSection(SolutionConfigurationPlatforms) = preSolution
		Debug|Any CPU = Debug|Any CPU
		Release|Any CPU = Release|Any CPU
	EndGlobalSection
	GlobalSection(ProjectConfigurationPlatforms) = postSolution
		{16630CE4-6844-42B4-91B7-579C54F3533F}.Debug|Any CPU.ActiveCfg = Debug|Any CPU
		{16630CE4-6844-42B4-91B7-579C54F3533F}.Debug|Any CPU.Build.0 = Debug|Any CPU
		{16630CE4-6844-42B4-91B7-579C54F3533F}.Release|Any CPU.ActiveCfg = Release|Any CPU
		{16630CE4-6844-42B4-91B7-579C54F3533F}.Release|Any CPU.Build.0 = Release|Any CPU
		{1B4567FD-077A-45EA-A865-8E27BBAD92A1}.Debug|Any CPU.ActiveCfg = Debug|Any CPU
		{1B4567FD-077A-45EA-A865-8E27BBAD92A1}.Debug|Any CPU.Build.0 = Debug|Any CPU
		{1B4567FD-077A-45EA-A865-8E27BBAD92A1}.Release|Any CPU.ActiveCfg = Release|Any CPU
		{1B4567FD-077A-45EA-A865-8E27BBAD92A1}.Release|Any CPU.Build.0 = Release|Any CPU
		{76E33CAB-041B-49E9-A0BC-4A86304A0B49}.Debug|Any CPU.ActiveCfg = Debug|Any CPU
		{76E33CAB-041B-49E9-A0BC-4A86304A0B49}.Debug|Any CPU.Build.0 = Debug|Any CPU
		{76E33CAB-041B-49E9-A0BC-4A86304A0B49}.Release|Any CPU.ActiveCfg = Release|Any CPU
		{76E33CAB-041B-49E9-A0BC-4A86304A0B49}.Release|Any CPU.Build.0 = Release|Any CPU
		{AD571AF2-2CA4-44F2-9D54-73347993011C}.Debug|Any CPU.ActiveCfg = Debug|Any CPU
		{AD571AF2-2CA4-44F2-9D54-73347993011C}.Debug|Any CPU.Build.0 = Debug|Any CPU
		{AD571AF2-2CA4-44F2-9D54-73347993011C}.Release|Any CPU.ActiveCfg = Release|Any CPU
		{AD571AF2-2CA4-44F2-9D54-73347993011C}.Release|Any CPU.Build.0 = Release|Any CPU
		{9A8C32F3-6A14-4EE3-8FE0-AFEE6A5F84FE}.Debug|Any CPU.ActiveCfg = Debug|Any CPU
		{9A8C32F3-6A14-4EE3-8FE0-AFEE6A5F84FE}.Debug|Any CPU.Build.0 = Debug|Any CPU
		{9A8C32F3-6A14-4EE3-8FE0-AFEE6A5F84FE}.Release|Any CPU.ActiveCfg = Release|Any CPU
		{9A8C32F3-6A14-4EE3-8FE0-AFEE6A5F84FE}.Release|Any CPU.Build.0 = Release|Any CPU
		{DFCC5243-4CE6-4CD8-A2EC-DA660FBB3264}.Debug|Any CPU.ActiveCfg = Debug|Any CPU
		{DFCC5243-4CE6-4CD8-A2EC-DA660FBB3264}.Debug|Any CPU.Build.0 = Debug|Any CPU
		{DFCC5243-4CE6-4CD8-A2EC-DA660FBB3264}.Release|Any CPU.ActiveCfg = Release|Any CPU
		{DFCC5243-4CE6-4CD8-A2EC-DA660FBB3264}.Release|Any CPU.Build.0 = Release|Any CPU
	EndGlobalSection
	GlobalSection(SolutionProperties) = preSolution
		HideSolutionNode = FALSE
	EndGlobalSection
EndGlobal
