
Microsoft Visual Studio Solution File, Format Version 12.00
# Visual Studio 15
VisualStudioVersion = 15.0.27428.2043
MinimumVisualStudioVersion = 10.0.40219.1
Project("{FAE04EC0-301F-11D3-BF4B-00C04F79EFBC}") = "01.Numbers1ToNWithStep3", "01.Numbers1ToNWithStep3\01.Numbers1ToNWithStep3.csproj", "{1486B905-387D-4639-BA80-893B7369E9EE}"
EndProject
Project("{FAE04EC0-301F-11D3-BF4B-00C04F79EFBC}") = "02.NumbersNTo1", "02.NumbersNTo1\02.NumbersNTo1.csproj", "{3BCAB278-A801-4B21-BD74-FD5DEEB1664D}"
EndProject
Project("{FAE04EC0-301F-11D3-BF4B-00C04F79EFBC}") = "03.PowersOfTwo", "03.PowersOfTwo\03.PowersOfTwo.csproj", "{B60191FB-B50A-4135-9C75-09FE9ADF247F}"
EndProject
Project("{FAE04EC0-301F-11D3-BF4B-00C04F79EFBC}") = "04.EvenPowersOf2", "04.EvenPowersOf2\04.EvenPowersOf2.csproj", "{EF858C3E-F2A8-4828-A3B1-E512EDA94378}"
EndProject
Project("{FAE04EC0-301F-11D3-BF4B-00C04F79EFBC}") = "05.Sequence2Kplus1", "05.Sequence2Kplus1\05.Sequence2Kplus1.csproj", "{BB00DB9D-9A62-4C45-BBAC-8B3286AB9983}"
EndProject
Project("{FAE04EC0-301F-11D3-BF4B-00C04F79EFBC}") = "06.NumberInRange1To100", "06.NumberInRange1To100\06.NumberInRange1To100.csproj", "{08ECD9AE-3AA7-4F45-95C1-6117A43669AF}"
EndProject
Project("{FAE04EC0-301F-11D3-BF4B-00C04F79EFBC}") = "07.GreatestCommonDivisorCGD", "07.GreatestCommonDivisorCGD\07.GreatestCommonDivisorCGD.csproj", "{4AB5EDD8-B6E7-4A98-94D1-A5E7264BFE5B}"
EndProject
Project("{FAE04EC0-301F-11D3-BF4B-00C04F79EFBC}") = "08.Factorial", "08.Factorial\08.Factorial.csproj", "{C30441B9-8C37-4BFB-B488-18F32F93C368}"
EndProject
Project("{FAE04EC0-301F-11D3-BF4B-00C04F79EFBC}") = "09.SumDigits", "09.SumDigits\09.SumDigits.csproj", "{E4C215A7-9D48-494A-B48A-92604FA139D4}"
EndProject
Project("{FAE04EC0-301F-11D3-BF4B-00C04F79EFBC}") = "10.CheckPrime", "10.CheckPrime\10.CheckPrime.csproj", "{25D9798D-DAB7-435C-A31C-FA0E365AE6C3}"
EndProject
Project("{FAE04EC0-301F-11D3-BF4B-00C04F79EFBC}") = "11.EnterEvenNumber", "11.EnterEvenNumber\11.EnterEvenNumber.csproj", "{DB680AEF-EF08-4BE9-B94F-D49489D884AE}"
EndProject
Project("{FAE04EC0-301F-11D3-BF4B-00C04F79EFBC}") = "12.Fibonacci", "12.Fibonacci\12.Fibonacci.csproj", "{AA75003D-4963-4208-B794-4485540E3506}"
EndProject
Project("{FAE04EC0-301F-11D3-BF4B-00C04F79EFBC}") = "13.NumberPyramid", "13.NumberPyramid\13.NumberPyramid.csproj", "{C756E15C-331E-4770-B3A4-8DBC8CA8834E}"
EndProject
Project("{FAE04EC0-301F-11D3-BF4B-00C04F79EFBC}") = "14.NumberTable", "14.NumberTable\14.NumberTable.csproj", "{E209E318-073C-47C9-BE3E-6C28681869A6}"
EndProject
Global
	GlobalSection(SolutionConfigurationPlatforms) = preSolution
		Debug|Any CPU = Debug|Any CPU
		Release|Any CPU = Release|Any CPU
	EndGlobalSection
	GlobalSection(ProjectConfigurationPlatforms) = postSolution
		{1486B905-387D-4639-BA80-893B7369E9EE}.Debug|Any CPU.ActiveCfg = Debug|Any CPU
		{1486B905-387D-4639-BA80-893B7369E9EE}.Debug|Any CPU.Build.0 = Debug|Any CPU
		{1486B905-387D-4639-BA80-893B7369E9EE}.Release|Any CPU.ActiveCfg = Release|Any CPU
		{1486B905-387D-4639-BA80-893B7369E9EE}.Release|Any CPU.Build.0 = Release|Any CPU
		{3BCAB278-A801-4B21-BD74-FD5DEEB1664D}.Debug|Any CPU.ActiveCfg = Debug|Any CPU
		{3BCAB278-A801-4B21-BD74-FD5DEEB1664D}.Debug|Any CPU.Build.0 = Debug|Any CPU
		{3BCAB278-A801-4B21-BD74-FD5DEEB1664D}.Release|Any CPU.ActiveCfg = Release|Any CPU
		{3BCAB278-A801-4B21-BD74-FD5DEEB1664D}.Release|Any CPU.Build.0 = Release|Any CPU
		{B60191FB-B50A-4135-9C75-09FE9ADF247F}.Debug|Any CPU.ActiveCfg = Debug|Any CPU
		{B60191FB-B50A-4135-9C75-09FE9ADF247F}.Debug|Any CPU.Build.0 = Debug|Any CPU
		{B60191FB-B50A-4135-9C75-09FE9ADF247F}.Release|Any CPU.ActiveCfg = Release|Any CPU
		{B60191FB-B50A-4135-9C75-09FE9ADF247F}.Release|Any CPU.Build.0 = Release|Any CPU
		{EF858C3E-F2A8-4828-A3B1-E512EDA94378}.Debug|Any CPU.ActiveCfg = Debug|Any CPU
		{EF858C3E-F2A8-4828-A3B1-E512EDA94378}.Debug|Any CPU.Build.0 = Debug|Any CPU
		{EF858C3E-F2A8-4828-A3B1-E512EDA94378}.Release|Any CPU.ActiveCfg = Release|Any CPU
		{EF858C3E-F2A8-4828-A3B1-E512EDA94378}.Release|Any CPU.Build.0 = Release|Any CPU
		{BB00DB9D-9A62-4C45-BBAC-8B3286AB9983}.Debug|Any CPU.ActiveCfg = Debug|Any CPU
		{BB00DB9D-9A62-4C45-BBAC-8B3286AB9983}.Debug|Any CPU.Build.0 = Debug|Any CPU
		{BB00DB9D-9A62-4C45-BBAC-8B3286AB9983}.Release|Any CPU.ActiveCfg = Release|Any CPU
		{BB00DB9D-9A62-4C45-BBAC-8B3286AB9983}.Release|Any CPU.Build.0 = Release|Any CPU
		{08ECD9AE-3AA7-4F45-95C1-6117A43669AF}.Debug|Any CPU.ActiveCfg = Debug|Any CPU
		{08ECD9AE-3AA7-4F45-95C1-6117A43669AF}.Debug|Any CPU.Build.0 = Debug|Any CPU
		{08ECD9AE-3AA7-4F45-95C1-6117A43669AF}.Release|Any CPU.ActiveCfg = Release|Any CPU
		{08ECD9AE-3AA7-4F45-95C1-6117A43669AF}.Release|Any CPU.Build.0 = Release|Any CPU
		{4AB5EDD8-B6E7-4A98-94D1-A5E7264BFE5B}.Debug|Any CPU.ActiveCfg = Debug|Any CPU
		{4AB5EDD8-B6E7-4A98-94D1-A5E7264BFE5B}.Debug|Any CPU.Build.0 = Debug|Any CPU
		{4AB5EDD8-B6E7-4A98-94D1-A5E7264BFE5B}.Release|Any CPU.ActiveCfg = Release|Any CPU
		{4AB5EDD8-B6E7-4A98-94D1-A5E7264BFE5B}.Release|Any CPU.Build.0 = Release|Any CPU
		{C30441B9-8C37-4BFB-B488-18F32F93C368}.Debug|Any CPU.ActiveCfg = Debug|Any CPU
		{C30441B9-8C37-4BFB-B488-18F32F93C368}.Debug|Any CPU.Build.0 = Debug|Any CPU
		{C30441B9-8C37-4BFB-B488-18F32F93C368}.Release|Any CPU.ActiveCfg = Release|Any CPU
		{C30441B9-8C37-4BFB-B488-18F32F93C368}.Release|Any CPU.Build.0 = Release|Any CPU
		{E4C215A7-9D48-494A-B48A-92604FA139D4}.Debug|Any CPU.ActiveCfg = Debug|Any CPU
		{E4C215A7-9D48-494A-B48A-92604FA139D4}.Debug|Any CPU.Build.0 = Debug|Any CPU
		{E4C215A7-9D48-494A-B48A-92604FA139D4}.Release|Any CPU.ActiveCfg = Release|Any CPU
		{E4C215A7-9D48-494A-B48A-92604FA139D4}.Release|Any CPU.Build.0 = Release|Any CPU
		{25D9798D-DAB7-435C-A31C-FA0E365AE6C3}.Debug|Any CPU.ActiveCfg = Debug|Any CPU
		{25D9798D-DAB7-435C-A31C-FA0E365AE6C3}.Debug|Any CPU.Build.0 = Debug|Any CPU
		{25D9798D-DAB7-435C-A31C-FA0E365AE6C3}.Release|Any CPU.ActiveCfg = Release|Any CPU
		{25D9798D-DAB7-435C-A31C-FA0E365AE6C3}.Release|Any CPU.Build.0 = Release|Any CPU
		{DB680AEF-EF08-4BE9-B94F-D49489D884AE}.Debug|Any CPU.ActiveCfg = Debug|Any CPU
		{DB680AEF-EF08-4BE9-B94F-D49489D884AE}.Debug|Any CPU.Build.0 = Debug|Any CPU
		{DB680AEF-EF08-4BE9-B94F-D49489D884AE}.Release|Any CPU.ActiveCfg = Release|Any CPU
		{DB680AEF-EF08-4BE9-B94F-D49489D884AE}.Release|Any CPU.Build.0 = Release|Any CPU
		{AA75003D-4963-4208-B794-4485540E3506}.Debug|Any CPU.ActiveCfg = Debug|Any CPU
		{AA75003D-4963-4208-B794-4485540E3506}.Debug|Any CPU.Build.0 = Debug|Any CPU
		{AA75003D-4963-4208-B794-4485540E3506}.Release|Any CPU.ActiveCfg = Release|Any CPU
		{AA75003D-4963-4208-B794-4485540E3506}.Release|Any CPU.Build.0 = Release|Any CPU
		{C756E15C-331E-4770-B3A4-8DBC8CA8834E}.Debug|Any CPU.ActiveCfg = Debug|Any CPU
		{C756E15C-331E-4770-B3A4-8DBC8CA8834E}.Debug|Any CPU.Build.0 = Debug|Any CPU
		{C756E15C-331E-4770-B3A4-8DBC8CA8834E}.Release|Any CPU.ActiveCfg = Release|Any CPU
		{C756E15C-331E-4770-B3A4-8DBC8CA8834E}.Release|Any CPU.Build.0 = Release|Any CPU
		{E209E318-073C-47C9-BE3E-6C28681869A6}.Debug|Any CPU.ActiveCfg = Debug|Any CPU
		{E209E318-073C-47C9-BE3E-6C28681869A6}.Debug|Any CPU.Build.0 = Debug|Any CPU
		{E209E318-073C-47C9-BE3E-6C28681869A6}.Release|Any CPU.ActiveCfg = Release|Any CPU
		{E209E318-073C-47C9-BE3E-6C28681869A6}.Release|Any CPU.Build.0 = Release|Any CPU
	EndGlobalSection
	GlobalSection(SolutionProperties) = preSolution
		HideSolutionNode = FALSE
	EndGlobalSection
	GlobalSection(ExtensibilityGlobals) = postSolution
		SolutionGuid = {6D70D816-A616-454C-9632-C6883F2D5B55}
	EndGlobalSection
EndGlobal
