
Microsoft Visual Studio Solution File, Format Version 12.00
# Visual Studio 14
VisualStudioVersion = 14.0.25420.1
MinimumVisualStudioVersion = 10.0.40219.1
Project("{FAE04EC0-301F-11D3-BF4B-00C04F79EFBC}") = "01.FindTheLetter", "01.FindTheLetter\01.FindTheLetter.csproj", "{F03A6C91-29D8-4579-B94E-A2F2E2F02CD2}"
EndProject
Project("{FAE04EC0-301F-11D3-BF4B-00C04F79EFBC}") = "02.Placeholders", "02.Placeholders\02.Placeholders.csproj", "{59D88FDC-8D2F-42DA-9CB2-8A5D27DF9668}"
EndProject
Project("{FAE04EC0-301F-11D3-BF4B-00C04F79EFBC}") = "03.JSONStringify", "03.JSONStringify\03.JSONStringify.csproj", "{F196CCF4-354E-4E4F-9AB3-EF8C3E921EB8}"
EndProject
Project("{FAE04EC0-301F-11D3-BF4B-00C04F79EFBC}") = "04.JSONParse", "04.JSONParse\04.JSONParse.csproj", "{BC973687-7129-416B-8A07-1A666985CC52}"
EndProject
Project("{FAE04EC0-301F-11D3-BF4B-00C04F79EFBC}") = "05.PointsCounter", "05.PointsCounter\05.PointsCounter.csproj", "{D0595FF6-71E9-402C-85A4-D58C1F9581C2}"
EndProject
Project("{FAE04EC0-301F-11D3-BF4B-00C04F79EFBC}") = "06.SentenceSplit", "06.SentenceSplit\06.SentenceSplit.csproj", "{0B024B75-C539-4610-885A-9639C34BD4C3}"
EndProject
Project("{FAE04EC0-301F-11D3-BF4B-00C04F79EFBC}") = "07.CapitalizeWords", "07.CapitalizeWords\07.CapitalizeWords.csproj", "{FC67CDB3-0AD9-4375-8AF9-A714C727E4DB}"
EndProject
Global
	GlobalSection(SolutionConfigurationPlatforms) = preSolution
		Debug|Any CPU = Debug|Any CPU
		Release|Any CPU = Release|Any CPU
	EndGlobalSection
	GlobalSection(ProjectConfigurationPlatforms) = postSolution
		{F03A6C91-29D8-4579-B94E-A2F2E2F02CD2}.Debug|Any CPU.ActiveCfg = Debug|Any CPU
		{F03A6C91-29D8-4579-B94E-A2F2E2F02CD2}.Debug|Any CPU.Build.0 = Debug|Any CPU
		{F03A6C91-29D8-4579-B94E-A2F2E2F02CD2}.Release|Any CPU.ActiveCfg = Release|Any CPU
		{F03A6C91-29D8-4579-B94E-A2F2E2F02CD2}.Release|Any CPU.Build.0 = Release|Any CPU
		{59D88FDC-8D2F-42DA-9CB2-8A5D27DF9668}.Debug|Any CPU.ActiveCfg = Debug|Any CPU
		{59D88FDC-8D2F-42DA-9CB2-8A5D27DF9668}.Debug|Any CPU.Build.0 = Debug|Any CPU
		{59D88FDC-8D2F-42DA-9CB2-8A5D27DF9668}.Release|Any CPU.ActiveCfg = Release|Any CPU
		{59D88FDC-8D2F-42DA-9CB2-8A5D27DF9668}.Release|Any CPU.Build.0 = Release|Any CPU
		{F196CCF4-354E-4E4F-9AB3-EF8C3E921EB8}.Debug|Any CPU.ActiveCfg = Debug|Any CPU
		{F196CCF4-354E-4E4F-9AB3-EF8C3E921EB8}.Debug|Any CPU.Build.0 = Debug|Any CPU
		{F196CCF4-354E-4E4F-9AB3-EF8C3E921EB8}.Release|Any CPU.ActiveCfg = Release|Any CPU
		{F196CCF4-354E-4E4F-9AB3-EF8C3E921EB8}.Release|Any CPU.Build.0 = Release|Any CPU
		{BC973687-7129-416B-8A07-1A666985CC52}.Debug|Any CPU.ActiveCfg = Debug|Any CPU
		{BC973687-7129-416B-8A07-1A666985CC52}.Debug|Any CPU.Build.0 = Debug|Any CPU
		{BC973687-7129-416B-8A07-1A666985CC52}.Release|Any CPU.ActiveCfg = Release|Any CPU
		{BC973687-7129-416B-8A07-1A666985CC52}.Release|Any CPU.Build.0 = Release|Any CPU
		{D0595FF6-71E9-402C-85A4-D58C1F9581C2}.Debug|Any CPU.ActiveCfg = Debug|Any CPU
		{D0595FF6-71E9-402C-85A4-D58C1F9581C2}.Debug|Any CPU.Build.0 = Debug|Any CPU
		{D0595FF6-71E9-402C-85A4-D58C1F9581C2}.Release|Any CPU.ActiveCfg = Release|Any CPU
		{D0595FF6-71E9-402C-85A4-D58C1F9581C2}.Release|Any CPU.Build.0 = Release|Any CPU
		{0B024B75-C539-4610-885A-9639C34BD4C3}.Debug|Any CPU.ActiveCfg = Debug|Any CPU
		{0B024B75-C539-4610-885A-9639C34BD4C3}.Debug|Any CPU.Build.0 = Debug|Any CPU
		{0B024B75-C539-4610-885A-9639C34BD4C3}.Release|Any CPU.ActiveCfg = Release|Any CPU
		{0B024B75-C539-4610-885A-9639C34BD4C3}.Release|Any CPU.Build.0 = Release|Any CPU
		{FC67CDB3-0AD9-4375-8AF9-A714C727E4DB}.Debug|Any CPU.ActiveCfg = Debug|Any CPU
		{FC67CDB3-0AD9-4375-8AF9-A714C727E4DB}.Debug|Any CPU.Build.0 = Debug|Any CPU
		{FC67CDB3-0AD9-4375-8AF9-A714C727E4DB}.Release|Any CPU.ActiveCfg = Release|Any CPU
		{FC67CDB3-0AD9-4375-8AF9-A714C727E4DB}.Release|Any CPU.Build.0 = Release|Any CPU
	EndGlobalSection
	GlobalSection(SolutionProperties) = preSolution
		HideSolutionNode = FALSE
	EndGlobalSection
EndGlobal
